{
    "_readme": [
        "This file locks the dependencies of your project to a known state",
        "Read more about it at http://getcomposer.org/doc/01-basic-usage.md#composer-lock-the-lock-file",
        "This file is @generated automatically"
    ],
    "hash": "20ee019ed150e8383b059940a1717566",
    "packages": [
        {
            "name": "luzhongyang/yeepay",
            "version": "dev-master",
            "source": {
                "type": "git",
                "url": "https://github.com/luzhongyang/yeepay.git",
                "reference": "86382882b0bbaacf05277c1fd8d0e0d48fa146aa"
            },
            "dist": {
                "type": "zip",
                "url": "https://api.github.com/repos/luzhongyang/yeepay/zipball/86382882b0bbaacf05277c1fd8d0e0d48fa146aa",
                "reference": "86382882b0bbaacf05277c1fd8d0e0d48fa146aa",
                "shasum": ""
            },
            "type": "yeepay",
            "autoload": {
                "psr-4": {
                    "Yeepay\\": "src/Yeepay/"
                }
            },
            "notification-url": "https://packagist.org/downloads/",
            "authors": [
                {
                    "name": "luzhongyang",
                    "email": "luzhongyang@touzila.com"
                }
            ],
            "description": "易宝通处理程序",
            "time": "2015-05-11 09:10:20"
        }
    ],
    "packages-dev": [],
    "aliases": [],
    "minimum-stability": "dev",
    "stability-flags": {
        "luzhongyang/yeepay": 20
    },
    "prefer-stable": false,
    "prefer-lowest": false,
    "platform": [],
    "platform-dev": []
}
